
Microsoft Visual Studio Solution File, Format Version 12.00
# Visual Studio Version 17
VisualStudioVersion = 17.8.34525.116
MinimumVisualStudioVersion = 10.0.40219.1
Project("{FAE04EC0-301F-11D3-BF4B-00C04F79EFBC}") = "EntityFrameworkwithSql", "EntityFrameworkwithSql\EntityFrameworkwithSql.csproj", "{6700F00F-D46B-4A10-AD5A-076541225DB8}"
EndProject
Global
	GlobalSection(SolutionConfigurationPlatforms) = preSolution
		Debug|Any CPU = Debug|Any CPU
		Release|Any CPU = Release|Any CPU
	EndGlobalSection
	GlobalSection(ProjectConfigurationPlatforms) = postSolution
		{6700F00F-D46B-4A10-AD5A-076541225DB8}.Debug|Any CPU.ActiveCfg = Debug|Any CPU
		{6700F00F-D46B-4A10-AD5A-076541225DB8}.Debug|Any CPU.Build.0 = Debug|Any CPU
		{6700F00F-D46B-4A10-AD5A-076541225DB8}.Release|Any CPU.ActiveCfg = Release|Any CPU
		{6700F00F-D46B-4A10-AD5A-076541225DB8}.Release|Any CPU.Build.0 = Release|Any CPU
	EndGlobalSection
	GlobalSection(SolutionProperties) = preSolution
		HideSolutionNode = FALSE
	EndGlobalSection
	GlobalSection(ExtensibilityGlobals) = postSolution
		SolutionGuid = {D2A2AED7-8519-4E1B-B157-3112CB7D4A3D}
	EndGlobalSection
EndGlobal
